
Microsoft Visual Studio Solution File, Format Version 12.00
# Visual Studio Version 17
VisualStudioVersion = 17.8.34408.163
MinimumVisualStudioVersion = 10.0.40219.1
Project("{8BC9CEB8-8B4A-11D0-8D11-00A0C91BC942}") = "SingalEngine", "SingalEngine\SingalEngine.vcxproj", "{BE541B87-AEBB-490A-9792-EC29B98E36BE}"
EndProject
Global
	GlobalSection(SolutionConfigurationPlatforms) = preSolution
		Debug|x64 = Debug|x64
		Debug|x86 = Debug|x86
		Release|x64 = Release|x64
		Release|x86 = Release|x86
	EndGlobalSection
	GlobalSection(ProjectConfigurationPlatforms) = postSolution
		{BE541B87-AEBB-490A-9792-EC29B98E36BE}.Debug|x64.ActiveCfg = Debug|x64
		{BE541B87-AEBB-490A-9792-EC29B98E36BE}.Debug|x64.Build.0 = Debug|x64
		{BE541B87-AEBB-490A-9792-EC29B98E36BE}.Debug|x86.ActiveCfg = Debug|Win32
		{BE541B87-AEBB-490A-9792-EC29B98E36BE}.Debug|x86.Build.0 = Debug|Win32
		{BE541B87-AEBB-490A-9792-EC29B98E36BE}.Release|x64.ActiveCfg = Release|x64
		{BE541B87-AEBB-490A-9792-EC29B98E36BE}.Release|x64.Build.0 = Release|x64
		{BE541B87-AEBB-490A-9792-EC29B98E36BE}.Release|x86.ActiveCfg = Release|Win32
		{BE541B87-AEBB-490A-9792-EC29B98E36BE}.Release|x86.Build.0 = Release|Win32
	EndGlobalSection
	GlobalSection(SolutionProperties) = preSolution
		HideSolutionNode = FALSE
	EndGlobalSection
	GlobalSection(ExtensibilityGlobals) = postSolution
		SolutionGuid = {66FED530-EA27-49EB-86A0-B0AF5136A034}
	EndGlobalSection
EndGlobal
